
Microsoft Visual Studio Solution File, Format Version 12.00
# Visual Studio Version 16
VisualStudioVersion = 16.0.32630.194
MinimumVisualStudioVersion = 10.0.40219.1
Project("{FAE04EC0-301F-11D3-BF4B-00C04F79EFBC}") = "Joyeria_el_diamante", "Joyeria_el_diamante.csproj", "{9FE451CD-5193-4B60-A5FD-57FAA579D89A}"
EndProject
Global
	GlobalSection(SolutionConfigurationPlatforms) = preSolution
		Debug|Any CPU = Debug|Any CPU
		Release|Any CPU = Release|Any CPU
	EndGlobalSection
	GlobalSection(ProjectConfigurationPlatforms) = postSolution
		{9FE451CD-5193-4B60-A5FD-57FAA579D89A}.Debug|Any CPU.ActiveCfg = Debug|Any CPU
		{9FE451CD-5193-4B60-A5FD-57FAA579D89A}.Debug|Any CPU.Build.0 = Debug|Any CPU
		{9FE451CD-5193-4B60-A5FD-57FAA579D89A}.Release|Any CPU.ActiveCfg = Release|Any CPU
		{9FE451CD-5193-4B60-A5FD-57FAA579D89A}.Release|Any CPU.Build.0 = Release|Any CPU
	EndGlobalSection
	GlobalSection(SolutionProperties) = preSolution
		HideSolutionNode = FALSE
	EndGlobalSection
	GlobalSection(ExtensibilityGlobals) = postSolution
		SolutionGuid = {2A4A89CD-1771-4F5E-9CBC-386762A9386C}
	EndGlobalSection
EndGlobal
